
Microsoft Visual Studio Solution File, Format Version 12.00
# Visual Studio Version 17
VisualStudioVersion = 17.3.32825.248
MinimumVisualStudioVersion = 10.0.40219.1
Project("{FAE04EC0-301F-11D3-BF4B-00C04F79EFBC}") = "BrowserSimulator", "BrowserSimulator\BrowserSimulator.csproj", "{9090A004-F3EA-463A-9715-56F69557695E}"
EndProject
Global
	GlobalSection(SolutionConfigurationPlatforms) = preSolution
		Debug|Any CPU = Debug|Any CPU
		Release|Any CPU = Release|Any CPU
	EndGlobalSection
	GlobalSection(ProjectConfigurationPlatforms) = postSolution
		{9090A004-F3EA-463A-9715-56F69557695E}.Debug|Any CPU.ActiveCfg = Debug|Any CPU
		{9090A004-F3EA-463A-9715-56F69557695E}.Debug|Any CPU.Build.0 = Debug|Any CPU
		{9090A004-F3EA-463A-9715-56F69557695E}.Release|Any CPU.ActiveCfg = Release|Any CPU
		{9090A004-F3EA-463A-9715-56F69557695E}.Release|Any CPU.Build.0 = Release|Any CPU
	EndGlobalSection
	GlobalSection(SolutionProperties) = preSolution
		HideSolutionNode = FALSE
	EndGlobalSection
	GlobalSection(ExtensibilityGlobals) = postSolution
		SolutionGuid = {A1AC69EC-FE7E-4147-9A07-5E4D73676F31}
	EndGlobalSection
EndGlobal
